// !$*UTF8*$!
{
	archiveVersion = 1;
	classes = {
	};
	objectVersion = 50;
	objects = {

/* Begin PBXBuildFile section */
		6B7366B1377AE2293340F5EA /* Pods_Studify.framework in Frameworks */ = {isa = PBXBuildFile; fileRef = DF46B0A305B3225298EEB691 /* Pods_Studify.framework */; };
		78D290B522F663B400212879 /* AppDelegate.swift in Sources */ = {isa = PBXBuildFile; fileRef = 78D290B422F663B400212879 /* AppDelegate.swift */; };
		78D290B722F663B400212879 /* HomeVC.swift in Sources */ = {isa = PBXBuildFile; fileRef = 78D290B622F663B400212879 /* HomeVC.swift */; };
		78D290BA22F663B400212879 /* Main.storyboard in Resources */ = {isa = PBXBuildFile; fileRef = 78D290B822F663B400212879 /* Main.storyboard */; };
		78D290BC22F663B500212879 /* Assets.xcassets in Resources */ = {isa = PBXBuildFile; fileRef = 78D290BB22F663B500212879 /* Assets.xcassets */; };
		78D290BF22F663B500212879 /* LaunchScreen.storyboard in Resources */ = {isa = PBXBuildFile; fileRef = 78D290BD22F663B500212879 /* LaunchScreen.storyboard */; };
		78D290C722F665A700212879 /* HomeReactor.swift in Sources */ = {isa = PBXBuildFile; fileRef = 78D290C622F665A700212879 /* HomeReactor.swift */; };
		78D290C922F66DC500212879 /* Constant.swift in Sources */ = {isa = PBXBuildFile; fileRef = 78D290C822F66DC500212879 /* Constant.swift */; };
/* End PBXBuildFile section */

/* Begin PBXFileReference section */
		2E122B1793B8F7A2C13DA9C3 /* Pods-Studify.debug.xcconfig */ = {isa = PBXFileReference; includeInIndex = 1; lastKnownFileType = text.xcconfig; name = "Pods-Studify.debug.xcconfig"; path = "Pods/Target Support Files/Pods-Studify/Pods-Studify.debug.xcconfig"; sourceTree = "<group>"; };
		78D290B122F663B400212879 /* Studify.app */ = {isa = PBXFileReference; explicitFileType = wrapper.application; includeInIndex = 0; path = Studify.app; sourceTree = BUILT_PRODUCTS_DIR; };
		78D290B422F663B400212879 /* AppDelegate.swift */ = {isa = PBXFileReference; lastKnownFileType = sourcecode.swift; path = AppDelegate.swift; sourceTree = "<group>"; };
		78D290B622F663B400212879 /* HomeVC.swift */ = {isa = PBXFileReference; lastKnownFileType = sourcecode.swift; path = HomeVC.swift; sourceTree = "<group>"; };
		78D290B922F663B400212879 /* Base */ = {isa = PBXFileReference; lastKnownFileType = file.storyboard; name = Base; path = Base.lproj/Main.storyboard; sourceTree = "<group>"; };
		78D290BB22F663B500212879 /* Assets.xcassets */ = {isa = PBXFileReference; lastKnownFileType = folder.assetcatalog; path = Assets.xcassets; sourceTree = "<group>"; };
		78D290BE22F663B500212879 /* Base */ = {isa = PBXFileReference; lastKnownFileType = file.storyboard; name = Base; path = Base.lproj/LaunchScreen.storyboard; sourceTree = "<group>"; };
		78D290C022F663B500212879 /* Info.plist */ = {isa = PBXFileReference; lastKnownFileType = text.plist.xml; path = Info.plist; sourceTree = "<group>"; };
		78D290C622F665A700212879 /* HomeReactor.swift */ = {isa = PBXFileReference; lastKnownFileType = sourcecode.swift; path = HomeReactor.swift; sourceTree = "<group>"; };
		78D290C822F66DC500212879 /* Constant.swift */ = {isa = PBXFileReference; lastKnownFileType = sourcecode.swift; path = Constant.swift; sourceTree = "<group>"; };
		A46656A734B4B8D3C77E2DC2 /* Pods-Studify.release.xcconfig */ = {isa = PBXFileReference; includeInIndex = 1; lastKnownFileType = text.xcconfig; name = "Pods-Studify.release.xcconfig"; path = "Pods/Target Support Files/Pods-Studify/Pods-Studify.release.xcconfig"; sourceTree = "<group>"; };
		DF46B0A305B3225298EEB691 /* Pods_Studify.framework */ = {isa = PBXFileReference; explicitFileType = wrapper.framework; includeInIndex = 0; path = Pods_Studify.framework; sourceTree = BUILT_PRODUCTS_DIR; };
/* End PBXFileReference section */

/* Begin PBXFrameworksBuildPhase section */
		78D290AE22F663B300212879 /* Frameworks */ = {
			isa = PBXFrameworksBuildPhase;
			buildActionMask = 2147483647;
			files = (
				6B7366B1377AE2293340F5EA /* Pods_Studify.framework in Frameworks */,
			);
			runOnlyForDeploymentPostprocessing = 0;
		};
/* End PBXFrameworksBuildPhase section */

/* Begin PBXGroup section */
		78D290A822F663B300212879 = {
			isa = PBXGroup;
			children = (
				78D290B322F663B400212879 /* Studify */,
				78D290B222F663B400212879 /* Products */,
				FCE11AC1CBF24D8274F0E766 /* Pods */,
				7B45FD2B3E1119C1C43B7EAA /* Frameworks */,
			);
			sourceTree = "<group>";
		};
		78D290B222F663B400212879 /* Products */ = {
			isa = PBXGroup;
			children = (
				78D290B122F663B400212879 /* Studify.app */,
			);
			name = Products;
			sourceTree = "<group>";
		};
		78D290B322F663B400212879 /* Studify */ = {
			isa = PBXGroup;
			children = (
				78D290B422F663B400212879 /* AppDelegate.swift */,
				78D290B622F663B400212879 /* HomeVC.swift */,
				78D290C622F665A700212879 /* HomeReactor.swift */,
				78D290B822F663B400212879 /* Main.storyboard */,
				78D290BB22F663B500212879 /* Assets.xcassets */,
				78D290BD22F663B500212879 /* LaunchScreen.storyboard */,
				78D290C022F663B500212879 /* Info.plist */,
				78D290C822F66DC500212879 /* Constant.swift */,
			);
			path = Studify;
			sourceTree = "<group>";
		};
		7B45FD2B3E1119C1C43B7EAA /* Frameworks */ = {
			isa = PBXGroup;
			children = (
				DF46B0A305B3225298EEB691 /* Pods_Studify.framework */,
			);
			name = Frameworks;
			sourceTree = "<group>";
		};
		FCE11AC1CBF24D8274F0E766 /* Pods */ = {
			isa = PBXGroup;
			children = (
				2E122B1793B8F7A2C13DA9C3 /* Pods-Studify.debug.xcconfig */,
				A46656A734B4B8D3C77E2DC2 /* Pods-Studify.release.xcconfig */,
			);
			name = Pods;
			sourceTree = "<group>";
		};
/* End PBXGroup section */

/* Begin PBXNativeTarget section */
		78D290B022F663B300212879 /* Studify */ = {
			isa = PBXNativeTarget;
			buildConfigurationList = 78D290C322F663B500212879 /* Build configuration list for PBXNativeTarget "Studify" */;
			buildPhases = (
				70A58C9B0FEA120CA01F1CBB /* [CP] Check Pods Manifest.lock */,
				78D290AD22F663B300212879 /* Sources */,
				78D290AE22F663B300212879 /* Frameworks */,
				78D290AF22F663B300212879 /* Resources */,
				033BCB69721AE844249B24E4 /* [CP] Embed Pods Frameworks */,
			);
			buildRules = (
			);
			dependencies = (
			);
			name = Studify;
			productName = Studify;
			productReference = 78D290B122F663B400212879 /* Studify.app */;
			productType = "com.apple.product-type.application";
		};
/* End PBXNativeTarget section */

/* Begin PBXProject section */
		78D290A922F663B300212879 /* Project object */ = {
			isa = PBXProject;
			attributes = {
				LastSwiftUpdateCheck = 1030;
				LastUpgradeCheck = 1030;
				ORGANIZATIONNAME = "이창현";
				TargetAttributes = {
					78D290B022F663B300212879 = {
						CreatedOnToolsVersion = 10.3;
					};
				};
			};
			buildConfigurationList = 78D290AC22F663B300212879 /* Build configuration list for PBXProject "Studify" */;
			compatibilityVersion = "Xcode 9.3";
			developmentRegion = en;
			hasScannedForEncodings = 0;
			knownRegions = (
				en,
				Base,
			);
			mainGroup = 78D290A822F663B300212879;
			productRefGroup = 78D290B222F663B400212879 /* Products */;
			projectDirPath = "";
			projectRoot = "";
			targets = (
				78D290B022F663B300212879 /* Studify */,
			);
		};
/* End PBXProject section */

/* Begin PBXResourcesBuildPhase section */
		78D290AF22F663B300212879 /* Resources */ = {
			isa = PBXResourcesBuildPhase;
			buildActionMask = 2147483647;
			files = (
				78D290BF22F663B500212879 /* LaunchScreen.storyboard in Resources */,
				78D290BC22F663B500212879 /* Assets.xcassets in Resources */,
				78D290BA22F663B400212879 /* Main.storyboard in Resources */,
			);
			runOnlyForDeploymentPostprocessing = 0;
		};
/* End PBXResourcesBuildPhase section */

/* Begin PBXShellScriptBuildPhase section */
		033BCB69721AE844249B24E4 /* [CP] Embed Pods Frameworks */ = {
			isa = PBXShellScriptBuildPhase;
			buildActionMask = 2147483647;
			files = (
			);
			inputFileListPaths = (
			);
			inputPaths = (
				"${SRCROOT}/Pods/Target Support Files/Pods-Studify/Pods-Studify-frameworks.sh",
				"${BUILT_PRODUCTS_DIR}/ReactorKit/ReactorKit.framework",
				"${BUILT_PRODUCTS_DIR}/RxCocoa/RxCocoa.framework",
				"${BUILT_PRODUCTS_DIR}/RxRelay/RxRelay.framework",
				"${BUILT_PRODUCTS_DIR}/RxSwift/RxSwift.framework",
				"${BUILT_PRODUCTS_DIR}/SwiftyJSON/SwiftyJSON.framework",
			);
			name = "[CP] Embed Pods Frameworks";
			outputFileListPaths = (
			);
			outputPaths = (
				"${TARGET_BUILD_DIR}/${FRAMEWORKS_FOLDER_PATH}/ReactorKit.framework",
				"${TARGET_BUILD_DIR}/${FRAMEWORKS_FOLDER_PATH}/RxCocoa.framework",
				"${TARGET_BUILD_DIR}/${FRAMEWORKS_FOLDER_PATH}/RxRelay.framework",
				"${TARGET_BUILD_DIR}/${FRAMEWORKS_FOLDER_PATH}/RxSwift.framework",
				"${TARGET_BUILD_DIR}/${FRAMEWORKS_FOLDER_PATH}/SwiftyJSON.framework",
			);
			runOnlyForDeploymentPostprocessing = 0;
			shellPath = /bin/sh;
			shellScript = "\"${SRCROOT}/Pods/Target Support Files/Pods-Studify/Pods-Studify-frameworks.sh\"\n";
			showEnvVarsInLog = 0;
		};
		70A58C9B0FEA120CA01F1CBB /* [CP] Check Pods Manifest.lock */ = {
			isa = PBXShellScriptBuildPhase;
			buildActionMask = 2147483647;
			files = (
			);
			inputFileListPaths = (
			);
			inputPaths = (
				"${PODS_PODFILE_DIR_PATH}/Podfile.lock",
				"${PODS_ROOT}/Manifest.lock",
			);
			name = "[CP] Check Pods Manifest.lock";
			outputFileListPaths = (
			);
			outputPaths = (
				"$(DERIVED_FILE_DIR)/Pods-Studify-checkManifestLockResult.txt",
			);
			runOnlyForDeploymentPostprocessing = 0;
			shellPath = /bin/sh;
			shellScript = "diff \"${PODS_PODFILE_DIR_PATH}/Podfile.lock\" \"${PODS_ROOT}/Manifest.lock\" > /dev/null\nif [ $? != 0 ] ; then\n    # print error to STDERR\n    echo \"error: The sandbox is not in sync with the Podfile.lock. Run 'pod install' or update your CocoaPods installation.\" >&2\n    exit 1\nfi\n# This output is used by Xcode 'outputs' to avoid re-running this script phase.\necho \"SUCCESS\" > \"${SCRIPT_OUTPUT_FILE_0}\"\n";
			showEnvVarsInLog = 0;
		};
/* End PBXShellScriptBuildPhase section */

/* Begin PBXSourcesBuildPhase section */
		78D290AD22F663B300212879 /* Sources */ = {
			isa = PBXSourcesBuildPhase;
			buildActionMask = 2147483647;
			files = (
				78D290B722F663B400212879 /* HomeVC.swift in Sources */,
				78D290B522F663B400212879 /* AppDelegate.swift in Sources */,
				78D290C722F665A700212879 /* HomeReactor.swift in Sources */,
				78D290C922F66DC500212879 /* Constant.swift in Sources */,
			);
			runOnlyForDeploymentPostprocessing = 0;
		};
/* End PBXSourcesBuildPhase section */

/* Begin PBXVariantGroup section */
		78D290B822F663B400212879 /* Main.storyboard */ = {
			isa = PBXVariantGroup;
			children = (
				78D290B922F663B400212879 /* Base */,
			);
			name = Main.storyboard;
			sourceTree = "<group>";
		};
		78D290BD22F663B500212879 /* LaunchScreen.storyboard */ = {
			isa = PBXVariantGroup;
			children = (
				78D290BE22F663B500212879 /* Base */,
			);
			name = LaunchScreen.storyboard;
			sourceTree = "<group>";
		};
/* End PBXVariantGroup section */

/* Begin XCBuildConfiguration section */
		78D290C122F663B500212879 /* Debug */ = {
			isa = XCBuildConfiguration;
			buildSettings = {
				ALWAYS_SEARCH_USER_PATHS = NO;
				CLANG_ANALYZER_NONNULL = YES;
				CLANG_ANALYZER_NUMBER_OBJECT_CONVERSION = YES_AGGRESSIVE;
				CLANG_CXX_LANGUAGE_STANDARD = "gnu++14";
				CLANG_CXX_LIBRARY = "libc++";
				CLANG_ENABLE_MODULES = YES;
				CLANG_ENABLE_OBJC_ARC = YES;
				CLANG_ENABLE_OBJC_WEAK = YES;
				CLANG_WARN_BLOCK_CAPTURE_AUTORELEASING = YES;
				CLANG_WARN_BOOL_CONVERSION = YES;
				CLANG_WARN_COMMA = YES;
				CLANG_WARN_CONSTANT_CONVERSION = YES;
				CLANG_WARN_DEPRECATED_OBJC_IMPLEMENTATIONS = YES;
				CLANG_WARN_DIRECT_OBJC_ISA_USAGE = YES_ERROR;
				CLANG_WARN_DOCUMENTATION_COMMENTS = YES;
				CLANG_WARN_EMPTY_BODY = YES;
				CLANG_WARN_ENUM_CONVERSION = YES;
				CLANG_WARN_INFINITE_RECURSION = YES;
				CLANG_WARN_INT_CONVERSION = YES;
				CLANG_WARN_NON_LITERAL_NULL_CONVERSION = YES;
				CLANG_WARN_OBJC_IMPLICIT_RETAIN_SELF = YES;
				CLANG_WARN_OBJC_LITERAL_CONVERSION = YES;
				CLANG_WARN_OBJC_ROOT_CLASS = YES_ERROR;
				CLANG_WARN_RANGE_LOOP_ANALYSIS = YES;
				CLANG_WARN_STRICT_PROTOTYPES = YES;
				CLANG_WARN_SUSPICIOUS_MOVE = YES;
				CLANG_WARN_UNGUARDED_AVAILABILITY = YES_AGGRESSIVE;
				CLANG_WARN_UNREACHABLE_CODE = YES;
				CLANG_WARN__DUPLICATE_METHOD_MATCH = YES;
				CODE_SIGN_IDENTITY = "iPhone Developer";
				COPY_PHASE_STRIP = NO;
				DEBUG_INFORMATION_FORMAT = dwarf;
				ENABLE_STRICT_OBJC_MSGSEND = YES;
				ENABLE_TESTABILITY = YES;
				GCC_C_LANGUAGE_STANDARD = gnu11;
				GCC_DYNAMIC_NO_PIC = NO;
				GCC_NO_COMMON_BLOCKS = YES;
				GCC_OPTIMIZATION_LEVEL = 0;
				GCC_PREPROCESSOR_DEFINITIONS = (
					"DEBUG=1",
					"$(inherited)",
				);
				GCC_WARN_64_TO_32_BIT_CONVERSION = YES;
				GCC_WARN_ABOUT_RETURN_TYPE = YES_ERROR;
				GCC_WARN_UNDECLARED_SELECTOR = YES;
				GCC_WARN_UNINITIALIZED_AUTOS = YES_AGGRESSIVE;
				GCC_WARN_UNUSED_FUNCTION = YES;
				GCC_WARN_UNUSED_VARIABLE = YES;
				IPHONEOS_DEPLOYMENT_TARGET = 12.4;
				MTL_ENABLE_DEBUG_INFO = INCLUDE_SOURCE;
				MTL_FAST_MATH = YES;
				ONLY_ACTIVE_ARCH = YES;
				SDKROOT = iphoneos;
				SWIFT_ACTIVE_COMPILATION_CONDITIONS = DEBUG;
				SWIFT_OPTIMIZATION_LEVEL = "-Onone";
			};
			name = Debug;
		};
		78D290C222F663B500212879 /* Release */ = {
			isa = XCBuildConfiguration;
			buildSettings = {
				ALWAYS_SEARCH_USER_PATHS = NO;
				CLANG_ANALYZER_NONNULL = YES;
				CLANG_ANALYZER_NUMBER_OBJECT_CONVERSION = YES_AGGRESSIVE;
				CLANG_CXX_LANGUAGE_STANDARD = "gnu++14";
				CLANG_CXX_LIBRARY = "libc++";
				CLANG_ENABLE_MODULES = YES;
				CLANG_ENABLE_OBJC_ARC = YES;
				CLANG_ENABLE_OBJC_WEAK = YES;
				CLANG_WARN_BLOCK_CAPTURE_AUTORELEASING = YES;
				CLANG_WARN_BOOL_CONVERSION = YES;
				CLANG_WARN_COMMA = YES;
				CLANG_WARN_CONSTANT_CONVERSION = YES;
				CLANG_WARN_DEPRECATED_OBJC_IMPLEMENTATIONS = YES;
				CLANG_WARN_DIRECT_OBJC_ISA_USAGE = YES_ERROR;
				CLANG_WARN_DOCUMENTATION_COMMENTS = YES;
				CLANG_WARN_EMPTY_BODY = YES;
				CLANG_WARN_ENUM_CONVERSION = YES;
				CLANG_WARN_INFINITE_RECURSION = YES;
				CLANG_WARN_INT_CONVERSION = YES;
				CLANG_WARN_NON_LITERAL_NULL_CONVERSION = YES;
				CLANG_WARN_OBJC_IMPLICIT_RETAIN_SELF = YES;
				CLANG_WARN_OBJC_LITERAL_CONVERSION = YES;
				CLANG_WARN_OBJC_ROOT_CLASS = YES_ERROR;
				CLANG_WARN_RANGE_LOOP_ANALYSIS = YES;
				CLANG_WARN_STRICT_PROTOTYPES = YES;
				CLANG_WARN_SUSPICIOUS_MOVE = YES;
				CLANG_WARN_UNGUARDED_AVAILABILITY = YES_AGGRESSIVE;
				CLANG_WARN_UNREACHABLE_CODE = YES;
				CLANG_WARN__DUPLICATE_METHOD_MATCH = YES;
				CODE_SIGN_IDENTITY = "iPhone Developer";
				COPY_PHASE_STRIP = NO;
				DEBUG_INFORMATION_FORMAT = "dwarf-with-dsym";
				ENABLE_NS_ASSERTIONS = NO;
				ENABLE_STRICT_OBJC_MSGSEND = YES;
				GCC_C_LANGUAGE_STANDARD = gnu11;
				GCC_NO_COMMON_BLOCKS = YES;
				GCC_WARN_64_TO_32_BIT_CONVERSION = YES;
				GCC_WARN_ABOUT_RETURN_TYPE = YES_ERROR;
				GCC_WARN_UNDECLARED_SELECTOR = YES;
				GCC_WARN_UNINITIALIZED_AUTOS = YES_AGGRESSIVE;
				GCC_WARN_UNUSED_FUNCTION = YES;
				GCC_WARN_UNUSED_VARIABLE = YES;
				IPHONEOS_DEPLOYMENT_TARGET = 12.4;
				MTL_ENABLE_DEBUG_INFO = NO;
				MTL_FAST_MATH = YES;
				SDKROOT = iphoneos;
				SWIFT_COMPILATION_MODE = wholemodule;
				SWIFT_OPTIMIZATION_LEVEL = "-O";
				VALIDATE_PRODUCT = YES;
			};
			name = Release;
		};
		78D290C422F663B500212879 /* Debug */ = {
			isa = XCBuildConfiguration;
			baseConfigurationReference = 2E122B1793B8F7A2C13DA9C3 /* Pods-Studify.debug.xcconfig */;
			buildSettings = {
				ASSETCATALOG_COMPILER_APPICON_NAME = AppIcon;
				CODE_SIGN_STYLE = Automatic;
				DEVELOPMENT_TEAM = BZY7R6DV42;
				INFOPLIST_FILE = Studify/Info.plist;
				LD_RUNPATH_SEARCH_PATHS = (
					"$(inherited)",
					"@executable_path/Frameworks",
				);
				PRODUCT_BUNDLE_IDENTIFIER = changhyeon.Studify;
				PRODUCT_NAME = "$(TARGET_NAME)";
				SWIFT_VERSION = 5.0;
				TARGETED_DEVICE_FAMILY = "1,2";
			};
			name = Debug;
		};
		78D290C522F663B500212879 /* Release */ = {
			isa = XCBuildConfiguration;
			baseConfigurationReference = A46656A734B4B8D3C77E2DC2 /* Pods-Studify.release.xcconfig */;
			buildSettings = {
				ASSETCATALOG_COMPILER_APPICON_NAME = AppIcon;
				CODE_SIGN_STYLE = Automatic;
				DEVELOPMENT_TEAM = BZY7R6DV42;
				INFOPLIST_FILE = Studify/Info.plist;
				LD_RUNPATH_SEARCH_PATHS = (
					"$(inherited)",
					"@executable_path/Frameworks",
				);
				PRODUCT_BUNDLE_IDENTIFIER = changhyeon.Studify;
				PRODUCT_NAME = "$(TARGET_NAME)";
				SWIFT_VERSION = 5.0;
				TARGETED_DEVICE_FAMILY = "1,2";
			};
			name = Release;
		};
/* End XCBuildConfiguration section */

/* Begin XCConfigurationList section */
		78D290AC22F663B300212879 /* Build configuration list for PBXProject "Studify" */ = {
			isa = XCConfigurationList;
			buildConfigurations = (
				78D290C122F663B500212879 /* Debug */,
				78D290C222F663B500212879 /* Release */,
			);
			defaultConfigurationIsVisible = 0;
			defaultConfigurationName = Release;
		};
		78D290C322F663B500212879 /* Build configuration list for PBXNativeTarget "Studify" */ = {
			isa = XCConfigurationList;
			buildConfigurations = (
				78D290C422F663B500212879 /* Debug */,
				78D290C522F663B500212879 /* Release */,
			);
			defaultConfigurationIsVisible = 0;
			defaultConfigurationName = Release;
		};
/* End XCConfigurationList section */
	};
	rootObject = 78D290A922F663B300212879 /* Project object */;
}
